// !$*UTF8*$!
{
	archiveVersion = 1;
	classes = {
	};
	objectVersion = 48;
	objects = {

/* Begin PBXBuildFile section */
		47A5E3CB1FD1A451005793D0 /* AppDelegate.swift in Sources */ = {isa = PBXBuildFile; fileRef = 47A5E3CA1FD1A451005793D0 /* AppDelegate.swift */; };
		47A5E3CD1FD1A451005793D0 /* ViewController.swift in Sources */ = {isa = PBXBuildFile; fileRef = 47A5E3CC1FD1A451005793D0 /* ViewController.swift */; };
		47A5E3D01FD1A451005793D0 /* Main.storyboard in Resources */ = {isa = PBXBuildFile; fileRef = 47A5E3CE1FD1A451005793D0 /* Main.storyboard */; };
		47A5E3D21FD1A451005793D0 /* Assets.xcassets in Resources */ = {isa = PBXBuildFile; fileRef = 47A5E3D11FD1A451005793D0 /* Assets.xcassets */; };
		47A5E3D51FD1A451005793D0 /* LaunchScreen.storyboard in Resources */ = {isa = PBXBuildFile; fileRef = 47A5E3D31FD1A451005793D0 /* LaunchScreen.storyboard */; };
/* End PBXBuildFile section */

/* Begin PBXFileReference section */
		47A5E3C71FD1A451005793D0 /* RazorTry.app */ = {isa = PBXFileReference; explicitFileType = wrapper.application; includeInIndex = 0; path = RazorTry.app; sourceTree = BUILT_PRODUCTS_DIR; };
		47A5E3CA1FD1A451005793D0 /* AppDelegate.swift */ = {isa = PBXFileReference; lastKnownFileType = sourcecode.swift; path = AppDelegate.swift; sourceTree = "<group>"; };
		47A5E3CC1FD1A451005793D0 /* ViewController.swift */ = {isa = PBXFileReference; lastKnownFileType = sourcecode.swift; path = ViewController.swift; sourceTree = "<group>"; };
		47A5E3CF1FD1A451005793D0 /* Base */ = {isa = PBXFileReference; lastKnownFileType = file.storyboard; name = Base; path = Base.lproj/Main.storyboard; sourceTree = "<group>"; };
		47A5E3D11FD1A451005793D0 /* Assets.xcassets */ = {isa = PBXFileReference; lastKnownFileType = folder.assetcatalog; path = Assets.xcassets; sourceTree = "<group>"; };
		47A5E3D41FD1A451005793D0 /* Base */ = {isa = PBXFileReference; lastKnownFileType = file.storyboard; name = Base; path = Base.lproj/LaunchScreen.storyboard; sourceTree = "<group>"; };
		47A5E3D61FD1A451005793D0 /* Info.plist */ = {isa = PBXFileReference; lastKnownFileType = text.plist.xml; path = Info.plist; sourceTree = "<group>"; };
/* End PBXFileReference section */

/* Begin PBXFrameworksBuildPhase section */
		47A5E3C41FD1A451005793D0 /* Frameworks */ = {
			isa = PBXFrameworksBuildPhase;
			buildActionMask = 2147483647;
			files = (
			);
			runOnlyForDeploymentPostprocessing = 0;
		};
/* End PBXFrameworksBuildPhase section */

/* Begin PBXGroup section */
		47A5E3BE1FD1A451005793D0 = {
			isa = PBXGroup;
			children = (
				47A5E3C91FD1A451005793D0 /* RazorTry */,
				47A5E3C81FD1A451005793D0 /* Products */,
			);
			sourceTree = "<group>";
		};
		47A5E3C81FD1A451005793D0 /* Products */ = {
			isa = PBXGroup;
			children = (
				47A5E3C71FD1A451005793D0 /* RazorTry.app */,
			);
			name = Products;
			sourceTree = "<group>";
		};
		47A5E3C91FD1A451005793D0 /* RazorTry */ = {
			isa = PBXGroup;
			children = (
				47A5E3CA1FD1A451005793D0 /* AppDelegate.swift */,
				47A5E3CC1FD1A451005793D0 /* ViewController.swift */,
				47A5E3CE1FD1A451005793D0 /* Main.storyboard */,
				47A5E3D11FD1A451005793D0 /* Assets.xcassets */,
				47A5E3D31FD1A451005793D0 /* LaunchScreen.storyboard */,
				47A5E3D61FD1A451005793D0 /* Info.plist */,
			);
			path = RazorTry;
			sourceTree = "<group>";
		};
/* End PBXGroup section */

/* Begin PBXNativeTarget section */
		47A5E3C61FD1A451005793D0 /* RazorTry */ = {
			isa = PBXNativeTarget;
			buildConfigurationList = 47A5E3D91FD1A451005793D0 /* Build configuration list for PBXNativeTarget "RazorTry" */;
			buildPhases = (
				47A5E3C31FD1A451005793D0 /* Sources */,
				47A5E3C41FD1A451005793D0 /* Frameworks */,
				47A5E3C51FD1A451005793D0 /* Resources */,
			);
			buildRules = (
			);
			dependencies = (
			);
			name = RazorTry;
			productName = RazorTry;
			productReference = 47A5E3C71FD1A451005793D0 /* RazorTry.app */;
			productType = "com.apple.product-type.application";
		};
/* End PBXNativeTarget section */

/* Begin PBXProject section */
		47A5E3BF1FD1A451005793D0 /* Project object */ = {
			isa = PBXProject;
			attributes = {
				LastSwiftUpdateCheck = 0910;
				LastUpgradeCheck = 0910;
				ORGANIZATIONNAME = SanamS;
				TargetAttributes = {
					47A5E3C61FD1A451005793D0 = {
						CreatedOnToolsVersion = 9.1;
						ProvisioningStyle = Automatic;
					};
				};
			};
			buildConfigurationList = 47A5E3C21FD1A451005793D0 /* Build configuration list for PBXProject "RazorTry" */;
			compatibilityVersion = "Xcode 8.0";
			developmentRegion = en;
			hasScannedForEncodings = 0;
			knownRegions = (
				en,
				Base,
			);
			mainGroup = 47A5E3BE1FD1A451005793D0;
			productRefGroup = 47A5E3C81FD1A451005793D0 /* Products */;
			projectDirPath = "";
			projectRoot = "";
			targets = (
				47A5E3C61FD1A451005793D0 /* RazorTry */,
			);
		};
/* End PBXProject section */

/* Begin PBXResourcesBuildPhase section */
		47A5E3C51FD1A451005793D0 /* Resources */ = {
			isa = PBXResourcesBuildPhase;
			buildActionMask = 2147483647;
			files = (
				47A5E3D51FD1A451005793D0 /* LaunchScreen.storyboard in Resources */,
				47A5E3D21FD1A451005793D0 /* Assets.xcassets in Resources */,
				47A5E3D01FD1A451005793D0 /* Main.storyboard in Resources */,
			);
			runOnlyForDeploymentPostprocessing = 0;
		};
/* End PBXResourcesBuildPhase section */

/* Begin PBXSourcesBuildPhase section */
		47A5E3C31FD1A451005793D0 /* Sources */ = {
			isa = PBXSourcesBuildPhase;
			buildActionMask = 2147483647;
			files = (
				47A5E3CD1FD1A451005793D0 /* ViewController.swift in Sources */,
				47A5E3CB1FD1A451005793D0 /* AppDelegate.swift in Sources */,
			);
			runOnlyForDeploymentPostprocessing = 0;
		};
/* End PBXSourcesBuildPhase section */

/* Begin PBXVariantGroup section */
		47A5E3CE1FD1A451005793D0 /* Main.storyboard */ = {
			isa = PBXVariantGroup;
			children = (
				47A5E3CF1FD1A451005793D0 /* Base */,
			);
			name = Main.storyboard;
			sourceTree = "<group>";
		};
		47A5E3D31FD1A451005793D0 /* LaunchScreen.storyboard */ = {
			isa = PBXVariantGroup;
			children = (
				47A5E3D41FD1A451005793D0 /* Base */,
			);
			name = LaunchScreen.storyboard;
			sourceTree = "<group>";
		};
/* End PBXVariantGroup section */

/* Begin XCBuildConfiguration section */
		47A5E3D71FD1A451005793D0 /* Debug */ = {
			isa = XCBuildConfiguration;
			buildSettings = {
				ALWAYS_SEARCH_USER_PATHS = NO;
				CLANG_ANALYZER_NONNULL = YES;
				CLANG_ANALYZER_NUMBER_OBJECT_CONVERSION = YES_AGGRESSIVE;
				CLANG_CXX_LANGUAGE_STANDARD = "gnu++14";
				CLANG_CXX_LIBRARY = "libc++";
				CLANG_ENABLE_MODULES = YES;
				CLANG_ENABLE_OBJC_ARC = YES;
				CLANG_WARN_BLOCK_CAPTURE_AUTORELEASING = YES;
				CLANG_WARN_BOOL_CONVERSION = YES;
				CLANG_WARN_COMMA = YES;
				CLANG_WARN_CONSTANT_CONVERSION = YES;
				CLANG_WARN_DIRECT_OBJC_ISA_USAGE = YES_ERROR;
				CLANG_WARN_DOCUMENTATION_COMMENTS = YES;
				CLANG_WARN_EMPTY_BODY = YES;
				CLANG_WARN_ENUM_CONVERSION = YES;
				CLANG_WARN_INFINITE_RECURSION = YES;
				CLANG_WARN_INT_CONVERSION = YES;
				CLANG_WARN_NON_LITERAL_NULL_CONVERSION = YES;
				CLANG_WARN_OBJC_LITERAL_CONVERSION = YES;
				CLANG_WARN_OBJC_ROOT_CLASS = YES_ERROR;
				CLANG_WARN_RANGE_LOOP_ANALYSIS = YES;
				CLANG_WARN_STRICT_PROTOTYPES = YES;
				CLANG_WARN_SUSPICIOUS_MOVE = YES;
				CLANG_WARN_UNGUARDED_AVAILABILITY = YES_AGGRESSIVE;
				CLANG_WARN_UNREACHABLE_CODE = YES;
				CLANG_WARN__DUPLICATE_METHOD_MATCH = YES;
				CODE_SIGN_IDENTITY = "iPhone Developer";
				COPY_PHASE_STRIP = NO;
				DEBUG_INFORMATION_FORMAT = dwarf;
				ENABLE_STRICT_OBJC_MSGSEND = YES;
				ENABLE_TESTABILITY = YES;
				GCC_C_LANGUAGE_STANDARD = gnu11;
				GCC_DYNAMIC_NO_PIC = NO;
				GCC_NO_COMMON_BLOCKS = YES;
				GCC_OPTIMIZATION_LEVEL = 0;
				GCC_PREPROCESSOR_DEFINITIONS = (
					"DEBUG=1",
					"$(inherited)",
				);
				GCC_WARN_64_TO_32_BIT_CONVERSION = YES;
				GCC_WARN_ABOUT_RETURN_TYPE = YES_ERROR;
				GCC_WARN_UNDECLARED_SELECTOR = YES;
				GCC_WARN_UNINITIALIZED_AUTOS = YES_AGGRESSIVE;
				GCC_WARN_UNUSED_FUNCTION = YES;
				GCC_WARN_UNUSED_VARIABLE = YES;
				IPHONEOS_DEPLOYMENT_TARGET = 11.1;
				MTL_ENABLE_DEBUG_INFO = YES;
				ONLY_ACTIVE_ARCH = YES;
				SDKROOT = iphoneos;
				SWIFT_ACTIVE_COMPILATION_CONDITIONS = DEBUG;
				SWIFT_OPTIMIZATION_LEVEL = "-Onone";
			};
			name = Debug;
		};
		47A5E3D81FD1A451005793D0 /* Release */ = {
			isa = XCBuildConfiguration;
			buildSettings = {
				ALWAYS_SEARCH_USER_PATHS = NO;
				CLANG_ANALYZER_NONNULL = YES;
				CLANG_ANALYZER_NUMBER_OBJECT_CONVERSION = YES_AGGRESSIVE;
				CLANG_CXX_LANGUAGE_STANDARD = "gnu++14";
				CLANG_CXX_LIBRARY = "libc++";
				CLANG_ENABLE_MODULES = YES;
				CLANG_ENABLE_OBJC_ARC = YES;
				CLANG_WARN_BLOCK_CAPTURE_AUTORELEASING = YES;
				CLANG_WARN_BOOL_CONVERSION = YES;
				CLANG_WARN_COMMA = YES;
				CLANG_WARN_CONSTANT_CONVERSION = YES;
				CLANG_WARN_DIRECT_OBJC_ISA_USAGE = YES_ERROR;
				CLANG_WARN_DOCUMENTATION_COMMENTS = YES;
				CLANG_WARN_EMPTY_BODY = YES;
				CLANG_WARN_ENUM_CONVERSION = YES;
				CLANG_WARN_INFINITE_RECURSION = YES;
				CLANG_WARN_INT_CONVERSION = YES;
				CLANG_WARN_NON_LITERAL_NULL_CONVERSION = YES;
				CLANG_WARN_OBJC_LITERAL_CONVERSION = YES;
				CLANG_WARN_OBJC_ROOT_CLASS = YES_ERROR;
				CLANG_WARN_RANGE_LOOP_ANALYSIS = YES;
				CLANG_WARN_STRICT_PROTOTYPES = YES;
				CLANG_WARN_SUSPICIOUS_MOVE = YES;
				CLANG_WARN_UNGUARDED_AVAILABILITY = YES_AGGRESSIVE;
				CLANG_WARN_UNREACHABLE_CODE = YES;
				CLANG_WARN__DUPLICATE_METHOD_MATCH = YES;
				CODE_SIGN_IDENTITY = "iPhone Developer";
				COPY_PHASE_STRIP = NO;
				DEBUG_INFORMATION_FORMAT = "dwarf-with-dsym";
				ENABLE_NS_ASSERTIONS = NO;
				ENABLE_STRICT_OBJC_MSGSEND = YES;
				GCC_C_LANGUAGE_STANDARD = gnu11;
				GCC_NO_COMMON_BLOCKS = YES;
				GCC_WARN_64_TO_32_BIT_CONVERSION = YES;
				GCC_WARN_ABOUT_RETURN_TYPE = YES_ERROR;
				GCC_WARN_UNDECLARED_SELECTOR = YES;
				GCC_WARN_UNINITIALIZED_AUTOS = YES_AGGRESSIVE;
				GCC_WARN_UNUSED_FUNCTION = YES;
				GCC_WARN_UNUSED_VARIABLE = YES;
				IPHONEOS_DEPLOYMENT_TARGET = 11.1;
				MTL_ENABLE_DEBUG_INFO = NO;
				SDKROOT = iphoneos;
				SWIFT_OPTIMIZATION_LEVEL = "-Owholemodule";
				VALIDATE_PRODUCT = YES;
			};
			name = Release;
		};
		47A5E3DA1FD1A451005793D0 /* Debug */ = {
			isa = XCBuildConfiguration;
			buildSettings = {
				ASSETCATALOG_COMPILER_APPICON_NAME = AppIcon;
				CODE_SIGN_STYLE = Automatic;
				INFOPLIST_FILE = RazorTry/Info.plist;
				LD_RUNPATH_SEARCH_PATHS = "$(inherited) @executable_path/Frameworks";
				PRODUCT_BUNDLE_IDENTIFIER = DEF.RazorTry;
				PRODUCT_NAME = "$(TARGET_NAME)";
				SWIFT_VERSION = 4.0;
				TARGETED_DEVICE_FAMILY = "1,2";
			};
			name = Debug;
		};
		47A5E3DB1FD1A451005793D0 /* Release */ = {
			isa = XCBuildConfiguration;
			buildSettings = {
				ASSETCATALOG_COMPILER_APPICON_NAME = AppIcon;
				CODE_SIGN_STYLE = Automatic;
				INFOPLIST_FILE = RazorTry/Info.plist;
				LD_RUNPATH_SEARCH_PATHS = "$(inherited) @executable_path/Frameworks";
				PRODUCT_BUNDLE_IDENTIFIER = DEF.RazorTry;
				PRODUCT_NAME = "$(TARGET_NAME)";
				SWIFT_VERSION = 4.0;
				TARGETED_DEVICE_FAMILY = "1,2";
			};
			name = Release;
		};
/* End XCBuildConfiguration section */

/* Begin XCConfigurationList section */
		47A5E3C21FD1A451005793D0 /* Build configuration list for PBXProject "RazorTry" */ = {
			isa = XCConfigurationList;
			buildConfigurations = (
				47A5E3D71FD1A451005793D0 /* Debug */,
				47A5E3D81FD1A451005793D0 /* Release */,
			);
			defaultConfigurationIsVisible = 0;
			defaultConfigurationName = Release;
		};
		47A5E3D91FD1A451005793D0 /* Build configuration list for PBXNativeTarget "RazorTry" */ = {
			isa = XCConfigurationList;
			buildConfigurations = (
				47A5E3DA1FD1A451005793D0 /* Debug */,
				47A5E3DB1FD1A451005793D0 /* Release */,
			);
			defaultConfigurationIsVisible = 0;
			defaultConfigurationName = Release;
		};
/* End XCConfigurationList section */
	};
	rootObject = 47A5E3BF1FD1A451005793D0 /* Project object */;
}
